// !$*UTF8*$!
{
	archiveVersion = 1;
	classes = {
	};
	objectVersion = 46;
	objects = {

/* Begin PBXBuildFile section */
		255C319D16DC1F91002487F5 /* UIKit.framework in Frameworks */ = {isa = PBXBuildFile; fileRef = 255C319C16DC1F91002487F5 /* UIKit.framework */; };
		255C319F16DC1F91002487F5 /* Foundation.framework in Frameworks */ = {isa = PBXBuildFile; fileRef = 255C319E16DC1F91002487F5 /* Foundation.framework */; };
		255C31A116DC1F91002487F5 /* CoreGraphics.framework in Frameworks */ = {isa = PBXBuildFile; fileRef = 255C31A016DC1F91002487F5 /* CoreGraphics.framework */; };
		255C31A716DC1F91002487F5 /* InfoPlist.strings in Resources */ = {isa = PBXBuildFile; fileRef = 255C31A516DC1F91002487F5 /* InfoPlist.strings */; };
		255C31A916DC1F91002487F5 /* main.m in Sources */ = {isa = PBXBuildFile; fileRef = 255C31A816DC1F91002487F5 /* main.m */; };
		255C31AD16DC1F91002487F5 /* MMAppDelegate.m in Sources */ = {isa = PBXBuildFile; fileRef = 255C31AC16DC1F91002487F5 /* MMAppDelegate.m */; };
		255C31AF16DC1F91002487F5 /* Default.png in Resources */ = {isa = PBXBuildFile; fileRef = 255C31AE16DC1F91002487F5 /* Default.png */; };
		255C31B116DC1F91002487F5 /* Default@2x.png in Resources */ = {isa = PBXBuildFile; fileRef = 255C31B016DC1F91002487F5 /* Default@2x.png */; };
		255C31B316DC1F91002487F5 /* Default-568h@2x.png in Resources */ = {isa = PBXBuildFile; fileRef = 255C31B216DC1F91002487F5 /* Default-568h@2x.png */; };
		255C31B616DC1F91002487F5 /* MainStoryboard.storyboard in Resources */ = {isa = PBXBuildFile; fileRef = 255C31B416DC1F91002487F5 /* MainStoryboard.storyboard */; };
		255C31B916DC1F91002487F5 /* MMViewController.m in Sources */ = {isa = PBXBuildFile; fileRef = 255C31B816DC1F91002487F5 /* MMViewController.m */; };
		255C31C116DC2093002487F5 /* Photo.m in Sources */ = {isa = PBXBuildFile; fileRef = 255C31C016DC2093002487F5 /* Photo.m */; };
		2591913B16E50E9D00371F08 /* QuartzCore.framework in Frameworks */ = {isa = PBXBuildFile; fileRef = 2591913A16E50E9D00371F08 /* QuartzCore.framework */; };
		2591913E16E5111100371F08 /* libYelpKit.a in Frameworks */ = {isa = PBXBuildFile; fileRef = 2591913516E50DF700371F08 /* libYelpKit.a */; };
		2591917916E5564E00371F08 /* YelpMapViewController.m in Sources */ = {isa = PBXBuildFile; fileRef = 2591917816E5564E00371F08 /* YelpMapViewController.m */; };
		B7775BEC16E79C1B00D70126 /* VenueData.m in Sources */ = {isa = PBXBuildFile; fileRef = B7775BEB16E79C1B00D70126 /* VenueData.m */; };
		F1928B5016DD4CF800D111E5 /* MMMapViewController.m in Sources */ = {isa = PBXBuildFile; fileRef = F1928B4F16DD4CF800D111E5 /* MMMapViewController.m */; };
		F1928B5216DD4E2000D111E5 /* MapKit.framework in Frameworks */ = {isa = PBXBuildFile; fileRef = F1928B5116DD4E2000D111E5 /* MapKit.framework */; };
		F1928B5516DD65CC00D111E5 /* FlickrPhotoAPI.m in Sources */ = {isa = PBXBuildFile; fileRef = F1928B5416DD65CC00D111E5 /* FlickrPhotoAPI.m */; };
		F1928B5C16DEBAFB00D111E5 /* MMAnnotation.m in Sources */ = {isa = PBXBuildFile; fileRef = F1928B5B16DEBAFB00D111E5 /* MMAnnotation.m */; };
		F1928B5E16DEBF4300D111E5 /* CoreLocation.framework in Frameworks */ = {isa = PBXBuildFile; fileRef = F1928B5D16DEBF4300D111E5 /* CoreLocation.framework */; };
/* End PBXBuildFile section */

/* Begin PBXContainerItemProxy section */
		2591913416E50DF700371F08 /* PBXContainerItemProxy */ = {
			isa = PBXContainerItemProxy;
			containerPortal = 2591912E16E50DF700371F08 /* YelpKit.xcodeproj */;
			proxyType = 2;
			remoteGlobalIDString = 005592E8140B0085001E9C43;
			remoteInfo = YelpKit;
		};
		2591913616E50DF700371F08 /* PBXContainerItemProxy */ = {
			isa = PBXContainerItemProxy;
			containerPortal = 2591912E16E50DF700371F08 /* YelpKit.xcodeproj */;
			proxyType = 2;
			remoteGlobalIDString = 00DB563915BE198600E247FA;
			remoteInfo = YelpKitCatalog;
		};
		2591913816E50E8800371F08 /* PBXContainerItemProxy */ = {
			isa = PBXContainerItemProxy;
			containerPortal = 2591912E16E50DF700371F08 /* YelpKit.xcodeproj */;
			proxyType = 1;
			remoteGlobalIDString = 005592E7140B0085001E9C43;
			remoteInfo = YelpKit;
		};
/* End PBXContainerItemProxy section */

/* Begin PBXFileReference section */
		255C319916DC1F91002487F5 /* MobieMakersApp NSAwesome.app */ = {isa = PBXFileReference; explicitFileType = wrapper.application; includeInIndex = 0; path = "MobieMakersApp NSAwesome.app"; sourceTree = BUILT_PRODUCTS_DIR; };
		255C319C16DC1F91002487F5 /* UIKit.framework */ = {isa = PBXFileReference; lastKnownFileType = wrapper.framework; name = UIKit.framework; path = System/Library/Frameworks/UIKit.framework; sourceTree = SDKROOT; };
		255C319E16DC1F91002487F5 /* Foundation.framework */ = {isa = PBXFileReference; lastKnownFileType = wrapper.framework; name = Foundation.framework; path = System/Library/Frameworks/Foundation.framework; sourceTree = SDKROOT; };
		255C31A016DC1F91002487F5 /* CoreGraphics.framework */ = {isa = PBXFileReference; lastKnownFileType = wrapper.framework; name = CoreGraphics.framework; path = System/Library/Frameworks/CoreGraphics.framework; sourceTree = SDKROOT; };
		255C31A416DC1F91002487F5 /* MobieMakersApp NSAwesome-Info.plist */ = {isa = PBXFileReference; lastKnownFileType = text.plist.xml; path = "MobieMakersApp NSAwesome-Info.plist"; sourceTree = "<group>"; };
		255C31A616DC1F91002487F5 /* en */ = {isa = PBXFileReference; lastKnownFileType = text.plist.strings; name = en; path = en.lproj/InfoPlist.strings; sourceTree = "<group>"; };
		255C31A816DC1F91002487F5 /* main.m */ = {isa = PBXFileReference; lastKnownFileType = sourcecode.c.objc; path = main.m; sourceTree = "<group>"; };
		255C31AA16DC1F91002487F5 /* MobieMakersApp NSAwesome-Prefix.pch */ = {isa = PBXFileReference; lastKnownFileType = sourcecode.c.h; path = "MobieMakersApp NSAwesome-Prefix.pch"; sourceTree = "<group>"; };
		255C31AB16DC1F91002487F5 /* MMAppDelegate.h */ = {isa = PBXFileReference; lastKnownFileType = sourcecode.c.h; path = MMAppDelegate.h; sourceTree = "<group>"; };
		255C31AC16DC1F91002487F5 /* MMAppDelegate.m */ = {isa = PBXFileReference; lastKnownFileType = sourcecode.c.objc; path = MMAppDelegate.m; sourceTree = "<group>"; };
		255C31AE16DC1F91002487F5 /* Default.png */ = {isa = PBXFileReference; lastKnownFileType = image.png; path = Default.png; sourceTree = "<group>"; };
		255C31B016DC1F91002487F5 /* Default@2x.png */ = {isa = PBXFileReference; lastKnownFileType = image.png; path = "Default@2x.png"; sourceTree = "<group>"; };
		255C31B216DC1F91002487F5 /* Default-568h@2x.png */ = {isa = PBXFileReference; lastKnownFileType = image.png; path = "Default-568h@2x.png"; sourceTree = "<group>"; };
		255C31B516DC1F91002487F5 /* en */ = {isa = PBXFileReference; lastKnownFileType = file.storyboard; name = en; path = en.lproj/MainStoryboard.storyboard; sourceTree = "<group>"; };
		255C31B716DC1F91002487F5 /* MMViewController.h */ = {isa = PBXFileReference; lastKnownFileType = sourcecode.c.h; path = MMViewController.h; sourceTree = "<group>"; };
		255C31B816DC1F91002487F5 /* MMViewController.m */ = {isa = PBXFileReference; lastKnownFileType = sourcecode.c.objc; path = MMViewController.m; sourceTree = "<group>"; };
		255C31BF16DC2093002487F5 /* Photo.h */ = {isa = PBXFileReference; fileEncoding = 4; lastKnownFileType = sourcecode.c.h; path = Photo.h; sourceTree = "<group>"; };
		255C31C016DC2093002487F5 /* Photo.m */ = {isa = PBXFileReference; fileEncoding = 4; lastKnownFileType = sourcecode.c.objc; path = Photo.m; sourceTree = "<group>"; };
		2591912E16E50DF700371F08 /* YelpKit.xcodeproj */ = {isa = PBXFileReference; lastKnownFileType = "wrapper.pb-project"; name = YelpKit.xcodeproj; path = YelpKit/YelpKit.xcodeproj; sourceTree = "<group>"; };
		2591913A16E50E9D00371F08 /* QuartzCore.framework */ = {isa = PBXFileReference; lastKnownFileType = wrapper.framework; name = QuartzCore.framework; path = System/Library/Frameworks/QuartzCore.framework; sourceTree = SDKROOT; };
		2591917716E5564E00371F08 /* YelpMapViewController.h */ = {isa = PBXFileReference; fileEncoding = 4; lastKnownFileType = sourcecode.c.h; name = YelpMapViewController.h; path = ../YelpMapViewController.h; sourceTree = "<group>"; };
		2591917816E5564E00371F08 /* YelpMapViewController.m */ = {isa = PBXFileReference; fileEncoding = 4; lastKnownFileType = sourcecode.c.objc; name = YelpMapViewController.m; path = ../YelpMapViewController.m; sourceTree = "<group>"; };
		B7775BEA16E79C1B00D70126 /* VenueData.h */ = {isa = PBXFileReference; fileEncoding = 4; lastKnownFileType = sourcecode.c.h; path = VenueData.h; sourceTree = "<group>"; };
		B7775BEB16E79C1B00D70126 /* VenueData.m */ = {isa = PBXFileReference; fileEncoding = 4; lastKnownFileType = sourcecode.c.objc; path = VenueData.m; sourceTree = "<group>"; };
		F1928B4E16DD4CF800D111E5 /* MMMapViewController.h */ = {isa = PBXFileReference; fileEncoding = 4; lastKnownFileType = sourcecode.c.h; path = MMMapViewController.h; sourceTree = "<group>"; };
		F1928B4F16DD4CF800D111E5 /* MMMapViewController.m */ = {isa = PBXFileReference; fileEncoding = 4; lastKnownFileType = sourcecode.c.objc; path = MMMapViewController.m; sourceTree = "<group>"; };
		F1928B5116DD4E2000D111E5 /* MapKit.framework */ = {isa = PBXFileReference; lastKnownFileType = wrapper.framework; name = MapKit.framework; path = System/Library/Frameworks/MapKit.framework; sourceTree = SDKROOT; };
		F1928B5316DD65CC00D111E5 /* FlickrPhotoAPI.h */ = {isa = PBXFileReference; fileEncoding = 4; lastKnownFileType = sourcecode.c.h; path = FlickrPhotoAPI.h; sourceTree = "<group>"; };
		F1928B5416DD65CC00D111E5 /* FlickrPhotoAPI.m */ = {isa = PBXFileReference; fileEncoding = 4; lastKnownFileType = sourcecode.c.objc; path = FlickrPhotoAPI.m; sourceTree = "<group>"; };
		F1928B5A16DEBAFB00D111E5 /* MMAnnotation.h */ = {isa = PBXFileReference; fileEncoding = 4; lastKnownFileType = sourcecode.c.h; path = MMAnnotation.h; sourceTree = "<group>"; };
		F1928B5B16DEBAFB00D111E5 /* MMAnnotation.m */ = {isa = PBXFileReference; fileEncoding = 4; lastKnownFileType = sourcecode.c.objc; path = MMAnnotation.m; sourceTree = "<group>"; };
		F1928B5D16DEBF4300D111E5 /* CoreLocation.framework */ = {isa = PBXFileReference; lastKnownFileType = wrapper.framework; name = CoreLocation.framework; path = System/Library/Frameworks/CoreLocation.framework; sourceTree = SDKROOT; };
/* End PBXFileReference section */

/* Begin PBXFrameworksBuildPhase section */
		255C319616DC1F91002487F5 /* Frameworks */ = {
			isa = PBXFrameworksBuildPhase;
			buildActionMask = 2147483647;
			files = (
				2591913E16E5111100371F08 /* libYelpKit.a in Frameworks */,
				2591913B16E50E9D00371F08 /* QuartzCore.framework in Frameworks */,
				F1928B5E16DEBF4300D111E5 /* CoreLocation.framework in Frameworks */,
				F1928B5216DD4E2000D111E5 /* MapKit.framework in Frameworks */,
				255C319D16DC1F91002487F5 /* UIKit.framework in Frameworks */,
				255C319F16DC1F91002487F5 /* Foundation.framework in Frameworks */,
				255C31A116DC1F91002487F5 /* CoreGraphics.framework in Frameworks */,
			);
			runOnlyForDeploymentPostprocessing = 0;
		};
/* End PBXFrameworksBuildPhase section */

/* Begin PBXGroup section */
		255C319016DC1F90002487F5 = {
			isa = PBXGroup;
			children = (
				2591912E16E50DF700371F08 /* YelpKit.xcodeproj */,
				255C31A216DC1F91002487F5 /* MobieMakersApp NSAwesome */,
				255C319B16DC1F91002487F5 /* Frameworks */,
				255C319A16DC1F91002487F5 /* Products */,
			);
			sourceTree = "<group>";
		};
		255C319A16DC1F91002487F5 /* Products */ = {
			isa = PBXGroup;
			children = (
				255C319916DC1F91002487F5 /* MobieMakersApp NSAwesome.app */,
			);
			name = Products;
			sourceTree = "<group>";
		};
		255C319B16DC1F91002487F5 /* Frameworks */ = {
			isa = PBXGroup;
			children = (
				F1928B5D16DEBF4300D111E5 /* CoreLocation.framework */,
				2591913A16E50E9D00371F08 /* QuartzCore.framework */,
				F1928B5116DD4E2000D111E5 /* MapKit.framework */,
				255C319C16DC1F91002487F5 /* UIKit.framework */,
				255C319E16DC1F91002487F5 /* Foundation.framework */,
				255C31A016DC1F91002487F5 /* CoreGraphics.framework */,
			);
			name = Frameworks;
			sourceTree = "<group>";
		};
		255C31A216DC1F91002487F5 /* MobieMakersApp NSAwesome */ = {
			isa = PBXGroup;
			children = (
				255C31AB16DC1F91002487F5 /* MMAppDelegate.h */,
				255C31AC16DC1F91002487F5 /* MMAppDelegate.m */,
				255C31B416DC1F91002487F5 /* MainStoryboard.storyboard */,
				255C31C016DC2093002487F5 /* Photo.m */,
				255C31BF16DC2093002487F5 /* Photo.h */,
				255C31B716DC1F91002487F5 /* MMViewController.h */,
				255C31B816DC1F91002487F5 /* MMViewController.m */,
				F1928B5316DD65CC00D111E5 /* FlickrPhotoAPI.h */,
				F1928B5416DD65CC00D111E5 /* FlickrPhotoAPI.m */,
				F1928B4E16DD4CF800D111E5 /* MMMapViewController.h */,
				F1928B4F16DD4CF800D111E5 /* MMMapViewController.m */,
				2591917716E5564E00371F08 /* YelpMapViewController.h */,
				2591917816E5564E00371F08 /* YelpMapViewController.m */,
				B7775BEA16E79C1B00D70126 /* VenueData.h */,
				B7775BEB16E79C1B00D70126 /* VenueData.m */,
				F1928B5A16DEBAFB00D111E5 /* MMAnnotation.h */,
				F1928B5B16DEBAFB00D111E5 /* MMAnnotation.m */,
				255C31A316DC1F91002487F5 /* Supporting Files */,
			);
			path = "MobieMakersApp NSAwesome";
			sourceTree = "<group>";
		};
		255C31A316DC1F91002487F5 /* Supporting Files */ = {
			isa = PBXGroup;
			children = (
				255C31A416DC1F91002487F5 /* MobieMakersApp NSAwesome-Info.plist */,
				255C31A516DC1F91002487F5 /* InfoPlist.strings */,
				255C31A816DC1F91002487F5 /* main.m */,
				255C31AA16DC1F91002487F5 /* MobieMakersApp NSAwesome-Prefix.pch */,
				255C31AE16DC1F91002487F5 /* Default.png */,
				255C31B016DC1F91002487F5 /* Default@2x.png */,
				255C31B216DC1F91002487F5 /* Default-568h@2x.png */,
			);
			name = "Supporting Files";
			sourceTree = "<group>";
		};
		2591912F16E50DF700371F08 /* Products */ = {
			isa = PBXGroup;
			children = (
				2591913516E50DF700371F08 /* libYelpKit.a */,
				2591913716E50DF700371F08 /* YelpKitCatalog.app */,
			);
			name = Products;
			sourceTree = "<group>";
		};
/* End PBXGroup section */

/* Begin PBXNativeTarget section */
		255C319816DC1F91002487F5 /* MobieMakersApp NSAwesome */ = {
			isa = PBXNativeTarget;
			buildConfigurationList = 255C31BC16DC1F91002487F5 /* Build configuration list for PBXNativeTarget "MobieMakersApp NSAwesome" */;
			buildPhases = (
				255C319516DC1F91002487F5 /* Sources */,
				255C319616DC1F91002487F5 /* Frameworks */,
				255C319716DC1F91002487F5 /* Resources */,
			);
			buildRules = (
			);
			dependencies = (
				2591913916E50E8800371F08 /* PBXTargetDependency */,
			);
			name = "MobieMakersApp NSAwesome";
			productName = "MobieMakersApp NSAwesome";
			productReference = 255C319916DC1F91002487F5 /* MobieMakersApp NSAwesome.app */;
			productType = "com.apple.product-type.application";
		};
/* End PBXNativeTarget section */

/* Begin PBXProject section */
		255C319116DC1F90002487F5 /* Project object */ = {
			isa = PBXProject;
			attributes = {
				CLASSPREFIX = MM;
				LastUpgradeCheck = 0460;
				ORGANIZATIONNAME = "Ian Blue";
			};
			buildConfigurationList = 255C319416DC1F90002487F5 /* Build configuration list for PBXProject "MobieMakersApp NSAwesome" */;
			compatibilityVersion = "Xcode 3.2";
			developmentRegion = English;
			hasScannedForEncodings = 0;
			knownRegions = (
				en,
			);
			mainGroup = 255C319016DC1F90002487F5;
			productRefGroup = 255C319A16DC1F91002487F5 /* Products */;
			projectDirPath = "";
			projectReferences = (
				{
					ProductGroup = 2591912F16E50DF700371F08 /* Products */;
					ProjectRef = 2591912E16E50DF700371F08 /* YelpKit.xcodeproj */;
				},
			);
			projectRoot = "";
			targets = (
				255C319816DC1F91002487F5 /* MobieMakersApp NSAwesome */,
			);
		};
/* End PBXProject section */

/* Begin PBXReferenceProxy section */
		2591913516E50DF700371F08 /* libYelpKit.a */ = {
			isa = PBXReferenceProxy;
			fileType = archive.ar;
			path = libYelpKit.a;
			remoteRef = 2591913416E50DF700371F08 /* PBXContainerItemProxy */;
			sourceTree = BUILT_PRODUCTS_DIR;
		};
		2591913716E50DF700371F08 /* YelpKitCatalog.app */ = {
			isa = PBXReferenceProxy;
			fileType = wrapper.application;
			path = YelpKitCatalog.app;
			remoteRef = 2591913616E50DF700371F08 /* PBXContainerItemProxy */;
			sourceTree = BUILT_PRODUCTS_DIR;
		};
/* End PBXReferenceProxy section */

/* Begin PBXResourcesBuildPhase section */
		255C319716DC1F91002487F5 /* Resources */ = {
			isa = PBXResourcesBuildPhase;
			buildActionMask = 2147483647;
			files = (
				255C31A716DC1F91002487F5 /* InfoPlist.strings in Resources */,
				255C31AF16DC1F91002487F5 /* Default.png in Resources */,
				255C31B116DC1F91002487F5 /* Default@2x.png in Resources */,
				255C31B316DC1F91002487F5 /* Default-568h@2x.png in Resources */,
				255C31B616DC1F91002487F5 /* MainStoryboard.storyboard in Resources */,
			);
			runOnlyForDeploymentPostprocessing = 0;
		};
/* End PBXResourcesBuildPhase section */

/* Begin PBXSourcesBuildPhase section */
		255C319516DC1F91002487F5 /* Sources */ = {
			isa = PBXSourcesBuildPhase;
			buildActionMask = 2147483647;
			files = (
				255C31A916DC1F91002487F5 /* main.m in Sources */,
				255C31AD16DC1F91002487F5 /* MMAppDelegate.m in Sources */,
				255C31B916DC1F91002487F5 /* MMViewController.m in Sources */,
				255C31C116DC2093002487F5 /* Photo.m in Sources */,
				F1928B5016DD4CF800D111E5 /* MMMapViewController.m in Sources */,
				F1928B5516DD65CC00D111E5 /* FlickrPhotoAPI.m in Sources */,
				F1928B5C16DEBAFB00D111E5 /* MMAnnotation.m in Sources */,
				2591917916E5564E00371F08 /* YelpMapViewController.m in Sources */,
				B7775BEC16E79C1B00D70126 /* VenueData.m in Sources */,
			);
			runOnlyForDeploymentPostprocessing = 0;
		};
/* End PBXSourcesBuildPhase section */

/* Begin PBXTargetDependency section */
		2591913916E50E8800371F08 /* PBXTargetDependency */ = {
			isa = PBXTargetDependency;
			name = YelpKit;
			targetProxy = 2591913816E50E8800371F08 /* PBXContainerItemProxy */;
		};
/* End PBXTargetDependency section */

/* Begin PBXVariantGroup section */
		255C31A516DC1F91002487F5 /* InfoPlist.strings */ = {
			isa = PBXVariantGroup;
			children = (
				255C31A616DC1F91002487F5 /* en */,
			);
			name = InfoPlist.strings;
			sourceTree = "<group>";
		};
		255C31B416DC1F91002487F5 /* MainStoryboard.storyboard */ = {
			isa = PBXVariantGroup;
			children = (
				255C31B516DC1F91002487F5 /* en */,
			);
			name = MainStoryboard.storyboard;
			sourceTree = "<group>";
		};
/* End PBXVariantGroup section */

/* Begin XCBuildConfiguration section */
		255C31BA16DC1F91002487F5 /* Debug */ = {
			isa = XCBuildConfiguration;
			buildSettings = {
				ALWAYS_SEARCH_USER_PATHS = NO;
				CLANG_CXX_LANGUAGE_STANDARD = "gnu++0x";
				CLANG_CXX_LIBRARY = "libc++";
				CLANG_ENABLE_OBJC_ARC = YES;
				CLANG_WARN_CONSTANT_CONVERSION = YES;
				CLANG_WARN_EMPTY_BODY = YES;
				CLANG_WARN_ENUM_CONVERSION = YES;
				CLANG_WARN_INT_CONVERSION = YES;
				CLANG_WARN__DUPLICATE_METHOD_MATCH = YES;
				"CODE_SIGN_IDENTITY[sdk=iphoneos*]" = "iPhone Developer";
				COPY_PHASE_STRIP = NO;
				GCC_C_LANGUAGE_STANDARD = gnu99;
				GCC_DYNAMIC_NO_PIC = NO;
				GCC_OPTIMIZATION_LEVEL = 0;
				GCC_PREPROCESSOR_DEFINITIONS = (
					"DEBUG=1",
					"$(inherited)",
				);
				GCC_SYMBOLS_PRIVATE_EXTERN = NO;
				GCC_WARN_ABOUT_RETURN_TYPE = YES;
				GCC_WARN_UNINITIALIZED_AUTOS = YES;
				GCC_WARN_UNUSED_VARIABLE = YES;
				"HEADER_SEARCH_PATHS[arch=*]" = "\"$(BUILT_PRODUCTS_DIR)/../../Headers\"";
				IPHONEOS_DEPLOYMENT_TARGET = 6.1;
				ONLY_ACTIVE_ARCH = YES;
				"OTHER_LDFLAGS[arch=*]" = (
					"-ObjC",
					"-all_load",
				);
				SDKROOT = iphoneos;
			};
			name = Debug;
		};
		255C31BB16DC1F91002487F5 /* Release */ = {
			isa = XCBuildConfiguration;
			buildSettings = {
				ALWAYS_SEARCH_USER_PATHS = NO;
				CLANG_CXX_LANGUAGE_STANDARD = "gnu++0x";
				CLANG_CXX_LIBRARY = "libc++";
				CLANG_ENABLE_OBJC_ARC = YES;
				CLANG_WARN_CONSTANT_CONVERSION = YES;
				CLANG_WARN_EMPTY_BODY = YES;
				CLANG_WARN_ENUM_CONVERSION = YES;
				CLANG_WARN_INT_CONVERSION = YES;
				CLANG_WARN__DUPLICATE_METHOD_MATCH = YES;
				"CODE_SIGN_IDENTITY[sdk=iphoneos*]" = "iPhone Developer";
				COPY_PHASE_STRIP = YES;
				GCC_C_LANGUAGE_STANDARD = gnu99;
				GCC_WARN_ABOUT_RETURN_TYPE = YES;
				GCC_WARN_UNINITIALIZED_AUTOS = YES;
				GCC_WARN_UNUSED_VARIABLE = YES;
				"HEADER_SEARCH_PATHS[arch=*]" = "\"$(BUILT_PRODUCTS_DIR)/../../Headers\"";
				IPHONEOS_DEPLOYMENT_TARGET = 6.1;
				OTHER_CFLAGS = "-DNS_BLOCK_ASSERTIONS=1";
				"OTHER_LDFLAGS[arch=*]" = (
					"-ObjC",
					"-all_load",
				);
				SDKROOT = iphoneos;
				VALIDATE_PRODUCT = YES;
			};
			name = Release;
		};
		255C31BD16DC1F91002487F5 /* Debug */ = {
			isa = XCBuildConfiguration;
			buildSettings = {
				GCC_PRECOMPILE_PREFIX_HEADER = YES;
				GCC_PREFIX_HEADER = "MobieMakersApp NSAwesome/MobieMakersApp NSAwesome-Prefix.pch";
				INFOPLIST_FILE = "MobieMakersApp NSAwesome/MobieMakersApp NSAwesome-Info.plist";
				PRODUCT_NAME = "$(TARGET_NAME)";
				WRAPPER_EXTENSION = app;
			};
			name = Debug;
		};
		255C31BE16DC1F91002487F5 /* Release */ = {
			isa = XCBuildConfiguration;
			buildSettings = {
				GCC_PRECOMPILE_PREFIX_HEADER = YES;
				GCC_PREFIX_HEADER = "MobieMakersApp NSAwesome/MobieMakersApp NSAwesome-Prefix.pch";
				INFOPLIST_FILE = "MobieMakersApp NSAwesome/MobieMakersApp NSAwesome-Info.plist";
				PRODUCT_NAME = "$(TARGET_NAME)";
				WRAPPER_EXTENSION = app;
			};
			name = Release;
		};
/* End XCBuildConfiguration section */

/* Begin XCConfigurationList section */
		255C319416DC1F90002487F5 /* Build configuration list for PBXProject "MobieMakersApp NSAwesome" */ = {
			isa = XCConfigurationList;
			buildConfigurations = (
				255C31BA16DC1F91002487F5 /* Debug */,
				255C31BB16DC1F91002487F5 /* Release */,
			);
			defaultConfigurationIsVisible = 0;
			defaultConfigurationName = Release;
		};
		255C31BC16DC1F91002487F5 /* Build configuration list for PBXNativeTarget "MobieMakersApp NSAwesome" */ = {
			isa = XCConfigurationList;
			buildConfigurations = (
				255C31BD16DC1F91002487F5 /* Debug */,
				255C31BE16DC1F91002487F5 /* Release */,
			);
			defaultConfigurationIsVisible = 0;
			defaultConfigurationName = Release;
		};
/* End XCConfigurationList section */
	};
	rootObject = 255C319116DC1F90002487F5 /* Project object */;
}
